hash: 30f59612d50812334a3f8a25d7a79719d112a1d1bdd107c3ce10ff86a2423382
updated: 2016-06-13T14:53:25.3962853-04:00
imports:
- name: github.com/go-ldap/ldap
  version: 0e7db8eb77695b5a952f0e5d78df9ab160050c73
  subpackages:
  - github.com\go-ldap\ldap
- name: github.com/golang/glog
  version: 44145f04b68cf362d9c4df2182967c2275eaefed
  subpackages:
  - github.com\golang\glog
- name: github.com/spf13/pflag
  version: cb88ea77998c3f024757528e3305022ab50b43be
  subpackages:
  - github.com\spf13\pflag
- name: github.com/square/go-jose
  version: d2a847139a1442cada879cc05cc4080485b8d193
  subpackages:
  - cipher
  - json
  - github.com\square\go-jose
  - github.com\square\go-jose\cipher
  - github.com\square\go-jose\json
- name: gopkg.in/asn1-ber.v1
  version: 9eae18c3681ae3d3c677ac2b80a8fe57de45fc09
  subpackages:
  - gopkg.in\asn1-ber.v1
devImports: []
