# This file is autogenerated, do not edit; changes may be undone by the next 'dep ensure'.


[[projects]]
  name = "github.com/go-ldap/ldap"
  packages = ["."]
  revision = "8168ee085ee43257585e50c6441aadf54ecb2c9f"
  version = "v2.5.0"

[[projects]]
  branch = "master"
  name = "github.com/golang/glog"
  packages = ["."]
  revision = "23def4e6c14b4da8ac2ed8007337bc5eb5007998"

[[projects]]
  name = "github.com/spf13/pflag"
  packages = ["."]
  revision = "e57e3eeb33f795204c1ca35f56c44f83227c6e66"
  version = "v1.0.0"

[[projects]]
  name = "github.com/square/go-jose"
  packages = ["."]
  revision = "af13e1fbc7ac2df7f7eab54e5177104d546d0e9c"
  version = "v2.1.1"

[[projects]]
  name = "gopkg.in/asn1-ber.v1"
  packages = ["."]
  revision = "379148ca0225df7a432012b8df0355c2a2063ac0"
  version = "v1.2"

[[projects]]
  name = "gopkg.in/square/go-jose.v2"
  packages = [".","cipher","json"]
  revision = "b25e6cab129e4a54675b42ea49d38e9c33ade9e6"
  version = "v2.1.2"

[solve-meta]
  analyzer-name = "dep"
  analyzer-version = 1
  inputs-digest = "c7906cb3da7872906b04a25a1a48bcfdc9f24a6fb6b5cfce7f640c91b91498b4"
  solver-name = "gps-cdcl"
  solver-version = 1
