# This file is autogenerated, do not edit; changes may be undone by the next 'dep ensure'.


[[projects]]
  name = "github.com/go-ldap/ldap"
  packages = ["."]
  revision = "8168ee085ee43257585e50c6441aadf54ecb2c9f"
  version = "v2.5.0"

[[projects]]
  name = "github.com/golang/glog"
  packages = ["."]
  revision = "65d674618f712aa808a7d0104131b9206fc3d5ad"

[[projects]]
  name = "github.com/spf13/pflag"
  packages = ["."]
  revision = "e57e3eeb33f795204c1ca35f56c44f83227c6e66"
  version = "v1.0.0"

[[projects]]
  name = "github.com/square/go-jose"
  packages = ["."]
  revision = "b25e6cab129e4a54675b42ea49d38e9c33ade9e6"
  version = "v2.1.2"

[[projects]]
  name = "gopkg.in/asn1-ber.v1"
  packages = ["."]
  revision = "9eae18c3681ae3d3c677ac2b80a8fe57de45fc09"
  version = "v1"

[[projects]]
  name = "gopkg.in/square/go-jose.v2"
  packages = ["cipher","json"]
  revision = "af13e1fbc7ac2df7f7eab54e5177104d546d0e9c"
  version = "v2.1.1"

[solve-meta]
  analyzer-name = "dep"
  analyzer-version = 1
  inputs-digest = "882f4a4e70dcc6e06fa86f4fc5ff821043c4d8076baa5a871310c279947321ca"
  solver-name = "gps-cdcl"
  solver-version = 1
